
Microsoft Visual Studio Solution File, Format Version 12.00
# Visual Studio 15
VisualStudioVersion = 15.0.26730.0
MinimumVisualStudioVersion = 10.0.40219.1
Project("{FAE04EC0-301F-11D3-BF4B-00C04F79EFBC}") = "WeChatSample", "WeChatSample\WeChatSample.csproj", "{A7387273-9EE9-4F21-8DE5-565EE5BB590C}"
EndProject
Global
	GlobalSection(SolutionConfigurationPlatforms) = preSolution
		Debug|Any CPU = Debug|Any CPU
		Release|Any CPU = Release|Any CPU
	EndGlobalSection
	GlobalSection(ProjectConfigurationPlatforms) = postSolution
		{A7387273-9EE9-4F21-8DE5-565EE5BB590C}.Debug|Any CPU.ActiveCfg = Debug|Any CPU
		{A7387273-9EE9-4F21-8DE5-565EE5BB590C}.Debug|Any CPU.Build.0 = Debug|Any CPU
		{A7387273-9EE9-4F21-8DE5-565EE5BB590C}.Release|Any CPU.ActiveCfg = Release|Any CPU
		{A7387273-9EE9-4F21-8DE5-565EE5BB590C}.Release|Any CPU.Build.0 = Release|Any CPU
	EndGlobalSection
	GlobalSection(SolutionProperties) = preSolution
		HideSolutionNode = FALSE
	EndGlobalSection
	GlobalSection(ExtensibilityGlobals) = postSolution
		SolutionGuid = {E7C89611-BDEA-482B-9EBB-8841F7121BF5}
	EndGlobalSection
EndGlobal
